{
  "name": "v-prlx",
  "version": "1.0.0",
  "lockfileVersion": 1,
  "requires": true,
  "dependencies": {
    "easy-ease": {
      "version": "1.0.9",
      "resolved": "https://registry.npmjs.org/easy-ease/-/easy-ease-1.0.9.tgz",
      "integrity": "sha512-6urP1sGYAtb9It7ujwgtKcFkBdQS51q1pbSahxnRcmI438Hco10bgqopT2XZkBy/FNqBamxLU3S9PRu13IeSjQ=="
    }
  }
}
